// !$*UTF8*$!
{
	archiveVersion = 1;
	classes = {
	};
	objectVersion = 46;
	objects = {

/* Begin PBXBuildFile section */
		C018B64F16105F77000FE817 /* CoreFoundation.framework in Frameworks */ = {isa = PBXBuildFile; fileRef = C018B47B160F5B23000FE817 /* CoreFoundation.framework */; };
		C02CEC46160DC870000AA0D2 /* Foundation.framework in Frameworks */ = {isa = PBXBuildFile; fileRef = C02CEC45160DC870000AA0D2 /* Foundation.framework */; };
		C02CEC55160DC870000AA0D2 /* SenTestingKit.framework in Frameworks */ = {isa = PBXBuildFile; fileRef = C02CEC54160DC870000AA0D2 /* SenTestingKit.framework */; };
		C02CEC58160DC870000AA0D2 /* Foundation.framework in Frameworks */ = {isa = PBXBuildFile; fileRef = C02CEC45160DC870000AA0D2 /* Foundation.framework */; };
		C02CEC61160DC870000AA0D2 /* InfoPlist.strings in Resources */ = {isa = PBXBuildFile; fileRef = C02CEC5F160DC870000AA0D2 /* InfoPlist.strings */; };
		C02CEC64160DC870000AA0D2 /* SoomlaiOSStoreTests.m in Sources */ = {isa = PBXBuildFile; fileRef = C02CEC63160DC870000AA0D2 /* SoomlaiOSStoreTests.m */; };
		C02CEC79160DCA31000AA0D2 /* StoreKit.framework in Frameworks */ = {isa = PBXBuildFile; fileRef = C02CEC78160DCA31000AA0D2 /* StoreKit.framework */; };
		C02CEC7B160DCA3A000AA0D2 /* Security.framework in Frameworks */ = {isa = PBXBuildFile; fileRef = C02CEC7A160DCA3A000AA0D2 /* Security.framework */; };
		C02CECE5160DCA67000AA0D2 /* EventHandling.m in Sources */ = {isa = PBXBuildFile; fileRef = C02CECAC160DCA67000AA0D2 /* EventHandling.m */; };
		C02CECE8160DCA67000AA0D2 /* JSONKit.m in Sources */ = {isa = PBXBuildFile; fileRef = C02CECB6160DCA67000AA0D2 /* JSONKit.m */; settings = {COMPILER_FLAGS = "-fno-objc-arc"; }; };
		C02CECF1160DCA67000AA0D2 /* StoreConfig.m in Sources */ = {isa = PBXBuildFile; fileRef = C02CECCB160DCA67000AA0D2 /* StoreConfig.m */; };
		C02CECF2160DCA67000AA0D2 /* StoreController.m in Sources */ = {isa = PBXBuildFile; fileRef = C02CECCD160DCA67000AA0D2 /* StoreController.m */; };
		C02CECF6160DCB4A000AA0D2 /* UIKit.framework in Frameworks */ = {isa = PBXBuildFile; fileRef = C02CECF5160DCB4A000AA0D2 /* UIKit.framework */; };
		C062234B16257AF100101FE8 /* EventHandling.h in Headers */ = {isa = PBXBuildFile; fileRef = C02CECAB160DCA67000AA0D2 /* EventHandling.h */; settings = {ATTRIBUTES = (Public, ); }; };
		C062234C16257AF300101FE8 /* IStoreAsssets.h in Headers */ = {isa = PBXBuildFile; fileRef = C02CECB2160DCA67000AA0D2 /* IStoreAsssets.h */; settings = {ATTRIBUTES = (Public, ); }; };
		C062234D16257AF700101FE8 /* StoreConfig.h in Headers */ = {isa = PBXBuildFile; fileRef = C02CECCA160DCA67000AA0D2 /* StoreConfig.h */; settings = {ATTRIBUTES = (Public, ); }; };
		C062234E16257AFB00101FE8 /* StoreController.h in Headers */ = {isa = PBXBuildFile; fileRef = C02CECCC160DCA67000AA0D2 /* StoreController.h */; settings = {ATTRIBUTES = (Public, ); }; };
		C062235316257B1200101FE8 /* JSONKit.h in Headers */ = {isa = PBXBuildFile; fileRef = C02CECB5160DCA67000AA0D2 /* JSONKit.h */; settings = {ATTRIBUTES = (Private, ); }; };
		C07DA3C316218309005792DD /* libsqlite3.0.dylib in Frameworks */ = {isa = PBXBuildFile; fileRef = C07DA3C216218309005792DD /* libsqlite3.0.dylib */; };
		C08CF2611641CF39007603E8 /* libSoomlaiOSStore.a in Frameworks */ = {isa = PBXBuildFile; fileRef = C02CEC42160DC870000AA0D2 /* libSoomlaiOSStore.a */; };
		C0B04316163C6F3E0015400E /* StoreInventory.h in Headers */ = {isa = PBXBuildFile; fileRef = C0B04314163C6F3E0015400E /* StoreInventory.h */; };
		C0B04317163C6F3E0015400E /* StoreInventory.m in Sources */ = {isa = PBXBuildFile; fileRef = C0B04315163C6F3E0015400E /* StoreInventory.m */; };
		C0B04318163C6F3E0015400E /* StoreInventory.m in Sources */ = {isa = PBXBuildFile; fileRef = C0B04315163C6F3E0015400E /* StoreInventory.m */; };
		F0BF21D117437BC70019DDB6 /* JSONConsts.h in Headers */ = {isa = PBXBuildFile; fileRef = F0BF21B717437BC70019DDB6 /* JSONConsts.h */; };
		F0BF21D217437BC70019DDB6 /* JSONConsts.m in Sources */ = {isa = PBXBuildFile; fileRef = F0BF21B817437BC70019DDB6 /* JSONConsts.m */; };
		F0BF21D317437BC70019DDB6 /* KeyValDatabase.h in Headers */ = {isa = PBXBuildFile; fileRef = F0BF21B917437BC70019DDB6 /* KeyValDatabase.h */; };
		F0BF21D417437BC70019DDB6 /* KeyValDatabase.m in Sources */ = {isa = PBXBuildFile; fileRef = F0BF21BA17437BC70019DDB6 /* KeyValDatabase.m */; };
		F0BF21D517437BC70019DDB6 /* KeyValueStorage.h in Headers */ = {isa = PBXBuildFile; fileRef = F0BF21BB17437BC70019DDB6 /* KeyValueStorage.h */; };
		F0BF21D617437BC70019DDB6 /* KeyValueStorage.m in Sources */ = {isa = PBXBuildFile; fileRef = F0BF21BC17437BC70019DDB6 /* KeyValueStorage.m */; };
		F0BF21D717437BC70019DDB6 /* NonConsumableStorage.h in Headers */ = {isa = PBXBuildFile; fileRef = F0BF21BD17437BC70019DDB6 /* NonConsumableStorage.h */; };
		F0BF21D817437BC70019DDB6 /* NonConsumableStorage.m in Sources */ = {isa = PBXBuildFile; fileRef = F0BF21BE17437BC70019DDB6 /* NonConsumableStorage.m */; };
		F0BF21D917437BC70019DDB6 /* ObscuredNSUserDefaults.h in Headers */ = {isa = PBXBuildFile; fileRef = F0BF21BF17437BC70019DDB6 /* ObscuredNSUserDefaults.h */; };
		F0BF21DA17437BC70019DDB6 /* ObscuredNSUserDefaults.m in Sources */ = {isa = PBXBuildFile; fileRef = F0BF21C017437BC70019DDB6 /* ObscuredNSUserDefaults.m */; };
		F0BF21DB17437BC70019DDB6 /* StorageManager.h in Headers */ = {isa = PBXBuildFile; fileRef = F0BF21C117437BC70019DDB6 /* StorageManager.h */; };
		F0BF21DC17437BC70019DDB6 /* StorageManager.m in Sources */ = {isa = PBXBuildFile; fileRef = F0BF21C217437BC70019DDB6 /* StorageManager.m */; };
		F0BF21DD17437BC70019DDB6 /* StoreDatabase.h in Headers */ = {isa = PBXBuildFile; fileRef = F0BF21C317437BC70019DDB6 /* StoreDatabase.h */; };
		F0BF21DE17437BC70019DDB6 /* StoreDatabase.m in Sources */ = {isa = PBXBuildFile; fileRef = F0BF21C417437BC70019DDB6 /* StoreDatabase.m */; };
		F0BF21DF17437BC70019DDB6 /* StoreEncryptor.h in Headers */ = {isa = PBXBuildFile; fileRef = F0BF21C517437BC70019DDB6 /* StoreEncryptor.h */; };
		F0BF21E017437BC70019DDB6 /* StoreEncryptor.m in Sources */ = {isa = PBXBuildFile; fileRef = F0BF21C617437BC70019DDB6 /* StoreEncryptor.m */; };
		F0BF21E117437BC70019DDB6 /* StorefrontInfo.h in Headers */ = {isa = PBXBuildFile; fileRef = F0BF21C717437BC70019DDB6 /* StorefrontInfo.h */; };
		F0BF21E217437BC70019DDB6 /* StorefrontInfo.m in Sources */ = {isa = PBXBuildFile; fileRef = F0BF21C817437BC70019DDB6 /* StorefrontInfo.m */; };
		F0BF21E317437BC70019DDB6 /* StoreInfo.h in Headers */ = {isa = PBXBuildFile; fileRef = F0BF21C917437BC70019DDB6 /* StoreInfo.h */; };
		F0BF21E417437BC70019DDB6 /* StoreInfo.m in Sources */ = {isa = PBXBuildFile; fileRef = F0BF21CA17437BC70019DDB6 /* StoreInfo.m */; };
		F0BF21E517437BC70019DDB6 /* VirtualCurrencyStorage.h in Headers */ = {isa = PBXBuildFile; fileRef = F0BF21CB17437BC70019DDB6 /* VirtualCurrencyStorage.h */; };
		F0BF21E617437BC70019DDB6 /* VirtualCurrencyStorage.m in Sources */ = {isa = PBXBuildFile; fileRef = F0BF21CC17437BC70019DDB6 /* VirtualCurrencyStorage.m */; };
		F0BF21E717437BC70019DDB6 /* VirtualGoodStorage.h in Headers */ = {isa = PBXBuildFile; fileRef = F0BF21CD17437BC70019DDB6 /* VirtualGoodStorage.h */; };
		F0BF21E817437BC70019DDB6 /* VirtualGoodStorage.m in Sources */ = {isa = PBXBuildFile; fileRef = F0BF21CE17437BC70019DDB6 /* VirtualGoodStorage.m */; };
		F0BF21E917437BC70019DDB6 /* VirtualItemStorage.h in Headers */ = {isa = PBXBuildFile; fileRef = F0BF21CF17437BC70019DDB6 /* VirtualItemStorage.h */; };
		F0BF21EA17437BC70019DDB6 /* VirtualItemStorage.m in Sources */ = {isa = PBXBuildFile; fileRef = F0BF21D017437BC70019DDB6 /* VirtualItemStorage.m */; };
		F0BF220717437BD70019DDB6 /* AppStoreItem.h in Headers */ = {isa = PBXBuildFile; fileRef = F0BF21EB17437BD70019DDB6 /* AppStoreItem.h */; };
		F0BF220817437BD70019DDB6 /* AppStoreItem.m in Sources */ = {isa = PBXBuildFile; fileRef = F0BF21EC17437BD70019DDB6 /* AppStoreItem.m */; };
		F0BF220917437BD70019DDB6 /* NonConsumableItem.h in Headers */ = {isa = PBXBuildFile; fileRef = F0BF21ED17437BD70019DDB6 /* NonConsumableItem.h */; };
		F0BF220A17437BD70019DDB6 /* NonConsumableItem.m in Sources */ = {isa = PBXBuildFile; fileRef = F0BF21EE17437BD70019DDB6 /* NonConsumableItem.m */; };
		F0BF220B17437BD70019DDB6 /* PurchasableVirtualItem.h in Headers */ = {isa = PBXBuildFile; fileRef = F0BF21EF17437BD70019DDB6 /* PurchasableVirtualItem.h */; };
		F0BF220C17437BD70019DDB6 /* PurchasableVirtualItem.m in Sources */ = {isa = PBXBuildFile; fileRef = F0BF21F017437BD70019DDB6 /* PurchasableVirtualItem.m */; };
		F0BF220D17437BD70019DDB6 /* VirtualCategory.h in Headers */ = {isa = PBXBuildFile; fileRef = F0BF21F117437BD70019DDB6 /* VirtualCategory.h */; };
		F0BF220E17437BD70019DDB6 /* VirtualCategory.m in Sources */ = {isa = PBXBuildFile; fileRef = F0BF21F217437BD70019DDB6 /* VirtualCategory.m */; };
		F0BF220F17437BD70019DDB6 /* VirtualCurrency.h in Headers */ = {isa = PBXBuildFile; fileRef = F0BF21F417437BD70019DDB6 /* VirtualCurrency.h */; };
		F0BF221017437BD70019DDB6 /* VirtualCurrency.m in Sources */ = {isa = PBXBuildFile; fileRef = F0BF21F517437BD70019DDB6 /* VirtualCurrency.m */; };
		F0BF221117437BD70019DDB6 /* VirtualCurrencyPack.h in Headers */ = {isa = PBXBuildFile; fileRef = F0BF21F617437BD70019DDB6 /* VirtualCurrencyPack.h */; };
		F0BF221217437BD70019DDB6 /* VirtualCurrencyPack.m in Sources */ = {isa = PBXBuildFile; fileRef = F0BF21F717437BD70019DDB6 /* VirtualCurrencyPack.m */; };
		F0BF221317437BD70019DDB6 /* EquippableVG.h in Headers */ = {isa = PBXBuildFile; fileRef = F0BF21F917437BD70019DDB6 /* EquippableVG.h */; };
		F0BF221417437BD70019DDB6 /* EquippableVG.m in Sources */ = {isa = PBXBuildFile; fileRef = F0BF21FA17437BD70019DDB6 /* EquippableVG.m */; };
		F0BF221517437BD70019DDB6 /* LifetimeVG.h in Headers */ = {isa = PBXBuildFile; fileRef = F0BF21FB17437BD70019DDB6 /* LifetimeVG.h */; };
		F0BF221617437BD70019DDB6 /* LifetimeVG.m in Sources */ = {isa = PBXBuildFile; fileRef = F0BF21FC17437BD70019DDB6 /* LifetimeVG.m */; };
		F0BF221717437BD70019DDB6 /* SingleUsePackVG.h in Headers */ = {isa = PBXBuildFile; fileRef = F0BF21FD17437BD70019DDB6 /* SingleUsePackVG.h */; };
		F0BF221817437BD70019DDB6 /* SingleUsePackVG.m in Sources */ = {isa = PBXBuildFile; fileRef = F0BF21FE17437BD70019DDB6 /* SingleUsePackVG.m */; };
		F0BF221917437BD70019DDB6 /* SingleUseVG.h in Headers */ = {isa = PBXBuildFile; fileRef = F0BF21FF17437BD70019DDB6 /* SingleUseVG.h */; };
		F0BF221A17437BD70019DDB6 /* SingleUseVG.m in Sources */ = {isa = PBXBuildFile; fileRef = F0BF220017437BD70019DDB6 /* SingleUseVG.m */; };
		F0BF221B17437BD70019DDB6 /* UpgradeVG.h in Headers */ = {isa = PBXBuildFile; fileRef = F0BF220117437BD70019DDB6 /* UpgradeVG.h */; };
		F0BF221C17437BD70019DDB6 /* UpgradeVG.m in Sources */ = {isa = PBXBuildFile; fileRef = F0BF220217437BD70019DDB6 /* UpgradeVG.m */; };
		F0BF221D17437BD70019DDB6 /* VirtualGood.h in Headers */ = {isa = PBXBuildFile; fileRef = F0BF220317437BD70019DDB6 /* VirtualGood.h */; };
		F0BF221E17437BD70019DDB6 /* VirtualGood.m in Sources */ = {isa = PBXBuildFile; fileRef = F0BF220417437BD70019DDB6 /* VirtualGood.m */; };
		F0BF221F17437BD70019DDB6 /* VirtualItem.h in Headers */ = {isa = PBXBuildFile; fileRef = F0BF220517437BD70019DDB6 /* VirtualItem.h */; };
		F0BF222017437BD70019DDB6 /* VirtualItem.m in Sources */ = {isa = PBXBuildFile; fileRef = F0BF220617437BD70019DDB6 /* VirtualItem.m */; };
		F0BF222717437BF30019DDB6 /* InsufficientFundsException.h in Headers */ = {isa = PBXBuildFile; fileRef = F0BF222117437BF20019DDB6 /* InsufficientFundsException.h */; };
		F0BF222817437BF30019DDB6 /* InsufficientFundsException.m in Sources */ = {isa = PBXBuildFile; fileRef = F0BF222217437BF20019DDB6 /* InsufficientFundsException.m */; };
		F0BF222917437BF30019DDB6 /* NotEnoughGoodsException.h in Headers */ = {isa = PBXBuildFile; fileRef = F0BF222317437BF30019DDB6 /* NotEnoughGoodsException.h */; };
		F0BF222A17437BF30019DDB6 /* NotEnoughGoodsException.m in Sources */ = {isa = PBXBuildFile; fileRef = F0BF222417437BF30019DDB6 /* NotEnoughGoodsException.m */; };
		F0BF222B17437BF30019DDB6 /* VirtualItemNotFoundException.h in Headers */ = {isa = PBXBuildFile; fileRef = F0BF222517437BF30019DDB6 /* VirtualItemNotFoundException.h */; };
		F0BF222C17437BF30019DDB6 /* VirtualItemNotFoundException.m in Sources */ = {isa = PBXBuildFile; fileRef = F0BF222617437BF30019DDB6 /* VirtualItemNotFoundException.m */; };
		F0BF223217437C120019DDB6 /* NSString-MD5Addition.h in Headers */ = {isa = PBXBuildFile; fileRef = F0BF222E17437C120019DDB6 /* NSString-MD5Addition.h */; };
		F0BF223317437C120019DDB6 /* NSString-MD5Addition.m in Sources */ = {isa = PBXBuildFile; fileRef = F0BF222F17437C120019DDB6 /* NSString-MD5Addition.m */; };
		F0BF223417437C120019DDB6 /* UIDevice-IdentifierAddition.h in Headers */ = {isa = PBXBuildFile; fileRef = F0BF223017437C120019DDB6 /* UIDevice-IdentifierAddition.h */; };
		F0BF223517437C120019DDB6 /* UIDevice-IdentifierAddition.m in Sources */ = {isa = PBXBuildFile; fileRef = F0BF223117437C120019DDB6 /* UIDevice-IdentifierAddition.m */; };
		F0BF223A17437C250019DDB6 /* FBEncryptorAES.h in Headers */ = {isa = PBXBuildFile; fileRef = F0BF223617437C250019DDB6 /* FBEncryptorAES.h */; };
		F0BF223B17437C250019DDB6 /* FBEncryptorAES.m in Sources */ = {isa = PBXBuildFile; fileRef = F0BF223717437C250019DDB6 /* FBEncryptorAES.m */; };
		F0BF223C17437C250019DDB6 /* NSData-Base64.h in Headers */ = {isa = PBXBuildFile; fileRef = F0BF223817437C250019DDB6 /* NSData-Base64.h */; };
		F0BF223D17437C250019DDB6 /* NSData-Base64.m in Sources */ = {isa = PBXBuildFile; fileRef = F0BF223917437C250019DDB6 /* NSData-Base64.m */; };
		F0BF224717437C460019DDB6 /* PurchaseType.h in Headers */ = {isa = PBXBuildFile; fileRef = F0BF223F17437C460019DDB6 /* PurchaseType.h */; };
		F0BF224817437C460019DDB6 /* PurchaseType.m in Sources */ = {isa = PBXBuildFile; fileRef = F0BF224017437C460019DDB6 /* PurchaseType.m */; };
		F0BF224917437C460019DDB6 /* PurchaseWithMarket.h in Headers */ = {isa = PBXBuildFile; fileRef = F0BF224117437C460019DDB6 /* PurchaseWithMarket.h */; };
		F0BF224A17437C460019DDB6 /* PurchaseWithMarket.m in Sources */ = {isa = PBXBuildFile; fileRef = F0BF224217437C460019DDB6 /* PurchaseWithMarket.m */; };
		F0BF224B17437C460019DDB6 /* PurchaseWithVirtualItem.h in Headers */ = {isa = PBXBuildFile; fileRef = F0BF224317437C460019DDB6 /* PurchaseWithVirtualItem.h */; };
		F0BF224C17437C460019DDB6 /* PurchaseWithVirtualItem.m in Sources */ = {isa = PBXBuildFile; fileRef = F0BF224417437C460019DDB6 /* PurchaseWithVirtualItem.m */; };
		F0BF224D17437C460019DDB6 /* StoreUtils.h in Headers */ = {isa = PBXBuildFile; fileRef = F0BF224517437C460019DDB6 /* StoreUtils.h */; };
		F0BF224E17437C460019DDB6 /* StoreUtils.m in Sources */ = {isa = PBXBuildFile; fileRef = F0BF224617437C460019DDB6 /* StoreUtils.m */; };
/* End PBXBuildFile section */

/* Begin PBXContainerItemProxy section */
		C02CEC59160DC870000AA0D2 /* PBXContainerItemProxy */ = {
			isa = PBXContainerItemProxy;
			containerPortal = C02CEC39160DC870000AA0D2 /* Project object */;
			proxyType = 1;
			remoteGlobalIDString = C02CEC41160DC870000AA0D2;
			remoteInfo = SoomlaiOSStore;
		};
/* End PBXContainerItemProxy section */

/* Begin PBXFileReference section */
		C018B47B160F5B23000FE817 /* CoreFoundation.framework */ = {isa = PBXFileReference; lastKnownFileType = wrapper.framework; name = CoreFoundation.framework; path = System/Library/Frameworks/CoreFoundation.framework; sourceTree = SDKROOT; };
		C02CEC42160DC870000AA0D2 /* libSoomlaiOSStore.a */ = {isa = PBXFileReference; explicitFileType = archive.ar; includeInIndex = 0; path = libSoomlaiOSStore.a; sourceTree = BUILT_PRODUCTS_DIR; };
		C02CEC45160DC870000AA0D2 /* Foundation.framework */ = {isa = PBXFileReference; lastKnownFileType = wrapper.framework; name = Foundation.framework; path = System/Library/Frameworks/Foundation.framework; sourceTree = SDKROOT; };
		C02CEC49160DC870000AA0D2 /* SoomlaiOSStore-Prefix.pch */ = {isa = PBXFileReference; lastKnownFileType = sourcecode.c.h; path = "SoomlaiOSStore-Prefix.pch"; sourceTree = "<group>"; };
		C02CEC53160DC870000AA0D2 /* SoomlaiOSStoreTests.octest */ = {isa = PBXFileReference; explicitFileType = wrapper.cfbundle; includeInIndex = 0; path = SoomlaiOSStoreTests.octest; sourceTree = BUILT_PRODUCTS_DIR; };
		C02CEC54160DC870000AA0D2 /* SenTestingKit.framework */ = {isa = PBXFileReference; lastKnownFileType = wrapper.framework; name = SenTestingKit.framework; path = Library/Frameworks/SenTestingKit.framework; sourceTree = DEVELOPER_DIR; };
		C02CEC5E160DC870000AA0D2 /* SoomlaiOSStoreTests-Info.plist */ = {isa = PBXFileReference; lastKnownFileType = text.plist.xml; path = "SoomlaiOSStoreTests-Info.plist"; sourceTree = "<group>"; };
		C02CEC60160DC870000AA0D2 /* en */ = {isa = PBXFileReference; lastKnownFileType = text.plist.strings; name = en; path = en.lproj/InfoPlist.strings; sourceTree = "<group>"; };
		C02CEC62160DC870000AA0D2 /* SoomlaiOSStoreTests.h */ = {isa = PBXFileReference; lastKnownFileType = sourcecode.c.h; path = SoomlaiOSStoreTests.h; sourceTree = "<group>"; };
		C02CEC63160DC870000AA0D2 /* SoomlaiOSStoreTests.m */ = {isa = PBXFileReference; lastKnownFileType = sourcecode.c.objc; path = SoomlaiOSStoreTests.m; sourceTree = "<group>"; };
		C02CEC78160DCA31000AA0D2 /* StoreKit.framework */ = {isa = PBXFileReference; lastKnownFileType = wrapper.framework; name = StoreKit.framework; path = System/Library/Frameworks/StoreKit.framework; sourceTree = SDKROOT; };
		C02CEC7A160DCA3A000AA0D2 /* Security.framework */ = {isa = PBXFileReference; lastKnownFileType = wrapper.framework; name = Security.framework; path = System/Library/Frameworks/Security.framework; sourceTree = SDKROOT; };
		C02CECAB160DCA67000AA0D2 /* EventHandling.h */ = {isa = PBXFileReference; fileEncoding = 4; lastKnownFileType = sourcecode.c.h; path = EventHandling.h; sourceTree = "<group>"; };
		C02CECAC160DCA67000AA0D2 /* EventHandling.m */ = {isa = PBXFileReference; fileEncoding = 4; lastKnownFileType = sourcecode.c.objc; path = EventHandling.m; sourceTree = "<group>"; };
		C02CECB2160DCA67000AA0D2 /* IStoreAsssets.h */ = {isa = PBXFileReference; fileEncoding = 4; lastKnownFileType = sourcecode.c.h; path = IStoreAsssets.h; sourceTree = "<group>"; };
		C02CECB5160DCA67000AA0D2 /* JSONKit.h */ = {isa = PBXFileReference; fileEncoding = 4; lastKnownFileType = sourcecode.c.h; path = JSONKit.h; sourceTree = "<group>"; };
		C02CECB6160DCA67000AA0D2 /* JSONKit.m */ = {isa = PBXFileReference; fileEncoding = 4; lastKnownFileType = sourcecode.c.objc; path = JSONKit.m; sourceTree = "<group>"; };
		C02CECCA160DCA67000AA0D2 /* StoreConfig.h */ = {isa = PBXFileReference; fileEncoding = 4; lastKnownFileType = sourcecode.c.h; path = StoreConfig.h; sourceTree = "<group>"; };
		C02CECCB160DCA67000AA0D2 /* StoreConfig.m */ = {isa = PBXFileReference; fileEncoding = 4; lastKnownFileType = sourcecode.c.objc; path = StoreConfig.m; sourceTree = "<group>"; };
		C02CECCC160DCA67000AA0D2 /* StoreController.h */ = {isa = PBXFileReference; fileEncoding = 4; lastKnownFileType = sourcecode.c.h; path = StoreController.h; sourceTree = "<group>"; };
		C02CECCD160DCA67000AA0D2 /* StoreController.m */ = {isa = PBXFileReference; fileEncoding = 4; lastKnownFileType = sourcecode.c.objc; path = StoreController.m; sourceTree = "<group>"; };
		C02CECF5160DCB4A000AA0D2 /* UIKit.framework */ = {isa = PBXFileReference; lastKnownFileType = wrapper.framework; name = UIKit.framework; path = System/Library/Frameworks/UIKit.framework; sourceTree = SDKROOT; };
		C07DA3C216218309005792DD /* libsqlite3.0.dylib */ = {isa = PBXFileReference; lastKnownFileType = "compiled.mach-o.dylib"; name = libsqlite3.0.dylib; path = usr/lib/libsqlite3.0.dylib; sourceTree = SDKROOT; };
		C0B04314163C6F3E0015400E /* StoreInventory.h */ = {isa = PBXFileReference; fileEncoding = 4; lastKnownFileType = sourcecode.c.h; path = StoreInventory.h; sourceTree = "<group>"; };
		C0B04315163C6F3E0015400E /* StoreInventory.m */ = {isa = PBXFileReference; fileEncoding = 4; lastKnownFileType = sourcecode.c.objc; path = StoreInventory.m; sourceTree = "<group>"; };
		F0BF21B717437BC70019DDB6 /* JSONConsts.h */ = {isa = PBXFileReference; fileEncoding = 4; lastKnownFileType = sourcecode.c.h; path = JSONConsts.h; sourceTree = "<group>"; };
		F0BF21B817437BC70019DDB6 /* JSONConsts.m */ = {isa = PBXFileReference; fileEncoding = 4; lastKnownFileType = sourcecode.c.objc; path = JSONConsts.m; sourceTree = "<group>"; };
		F0BF21B917437BC70019DDB6 /* KeyValDatabase.h */ = {isa = PBXFileReference; fileEncoding = 4; lastKnownFileType = sourcecode.c.h; path = KeyValDatabase.h; sourceTree = "<group>"; };
		F0BF21BA17437BC70019DDB6 /* KeyValDatabase.m */ = {isa = PBXFileReference; fileEncoding = 4; lastKnownFileType = sourcecode.c.objc; path = KeyValDatabase.m; sourceTree = "<group>"; };
		F0BF21BB17437BC70019DDB6 /* KeyValueStorage.h */ = {isa = PBXFileReference; fileEncoding = 4; lastKnownFileType = sourcecode.c.h; path = KeyValueStorage.h; sourceTree = "<group>"; };
		F0BF21BC17437BC70019DDB6 /* KeyValueStorage.m */ = {isa = PBXFileReference; fileEncoding = 4; lastKnownFileType = sourcecode.c.objc; path = KeyValueStorage.m; sourceTree = "<group>"; };
		F0BF21BD17437BC70019DDB6 /* NonConsumableStorage.h */ = {isa = PBXFileReference; fileEncoding = 4; lastKnownFileType = sourcecode.c.h; path = NonConsumableStorage.h; sourceTree = "<group>"; };
		F0BF21BE17437BC70019DDB6 /* NonConsumableStorage.m */ = {isa = PBXFileReference; fileEncoding = 4; lastKnownFileType = sourcecode.c.objc; path = NonConsumableStorage.m; sourceTree = "<group>"; };
		F0BF21BF17437BC70019DDB6 /* ObscuredNSUserDefaults.h */ = {isa = PBXFileReference; fileEncoding = 4; lastKnownFileType = sourcecode.c.h; path = ObscuredNSUserDefaults.h; sourceTree = "<group>"; };
		F0BF21C017437BC70019DDB6 /* ObscuredNSUserDefaults.m */ = {isa = PBXFileReference; fileEncoding = 4; lastKnownFileType = sourcecode.c.objc; path = ObscuredNSUserDefaults.m; sourceTree = "<group>"; };
		F0BF21C117437BC70019DDB6 /* StorageManager.h */ = {isa = PBXFileReference; fileEncoding = 4; lastKnownFileType = sourcecode.c.h; path = StorageManager.h; sourceTree = "<group>"; };
		F0BF21C217437BC70019DDB6 /* StorageManager.m */ = {isa = PBXFileReference; fileEncoding = 4; lastKnownFileType = sourcecode.c.objc; path = StorageManager.m; sourceTree = "<group>"; };
		F0BF21C317437BC70019DDB6 /* StoreDatabase.h */ = {isa = PBXFileReference; fileEncoding = 4; lastKnownFileType = sourcecode.c.h; path = StoreDatabase.h; sourceTree = "<group>"; };
		F0BF21C417437BC70019DDB6 /* StoreDatabase.m */ = {isa = PBXFileReference; fileEncoding = 4; lastKnownFileType = sourcecode.c.objc; path = StoreDatabase.m; sourceTree = "<group>"; };
		F0BF21C517437BC70019DDB6 /* StoreEncryptor.h */ = {isa = PBXFileReference; fileEncoding = 4; lastKnownFileType = sourcecode.c.h; path = StoreEncryptor.h; sourceTree = "<group>"; };
		F0BF21C617437BC70019DDB6 /* StoreEncryptor.m */ = {isa = PBXFileReference; fileEncoding = 4; lastKnownFileType = sourcecode.c.objc; path = StoreEncryptor.m; sourceTree = "<group>"; };
		F0BF21C717437BC70019DDB6 /* StorefrontInfo.h */ = {isa = PBXFileReference; fileEncoding = 4; lastKnownFileType = sourcecode.c.h; path = StorefrontInfo.h; sourceTree = "<group>"; };
		F0BF21C817437BC70019DDB6 /* StorefrontInfo.m */ = {isa = PBXFileReference; fileEncoding = 4; lastKnownFileType = sourcecode.c.objc; path = StorefrontInfo.m; sourceTree = "<group>"; };
		F0BF21C917437BC70019DDB6 /* StoreInfo.h */ = {isa = PBXFileReference; fileEncoding = 4; lastKnownFileType = sourcecode.c.h; path = StoreInfo.h; sourceTree = "<group>"; };
		F0BF21CA17437BC70019DDB6 /* StoreInfo.m */ = {isa = PBXFileReference; fileEncoding = 4; lastKnownFileType = sourcecode.c.objc; path = StoreInfo.m; sourceTree = "<group>"; };
		F0BF21CB17437BC70019DDB6 /* VirtualCurrencyStorage.h */ = {isa = PBXFileReference; fileEncoding = 4; lastKnownFileType = sourcecode.c.h; path = VirtualCurrencyStorage.h; sourceTree = "<group>"; };
		F0BF21CC17437BC70019DDB6 /* VirtualCurrencyStorage.m */ = {isa = PBXFileReference; fileEncoding = 4; lastKnownFileType = sourcecode.c.objc; path = VirtualCurrencyStorage.m; sourceTree = "<group>"; };
		F0BF21CD17437BC70019DDB6 /* VirtualGoodStorage.h */ = {isa = PBXFileReference; fileEncoding = 4; lastKnownFileType = sourcecode.c.h; path = VirtualGoodStorage.h; sourceTree = "<group>"; };
		F0BF21CE17437BC70019DDB6 /* VirtualGoodStorage.m */ = {isa = PBXFileReference; fileEncoding = 4; lastKnownFileType = sourcecode.c.objc; path = VirtualGoodStorage.m; sourceTree = "<group>"; };
		F0BF21CF17437BC70019DDB6 /* VirtualItemStorage.h */ = {isa = PBXFileReference; fileEncoding = 4; lastKnownFileType = sourcecode.c.h; path = VirtualItemStorage.h; sourceTree = "<group>"; };
		F0BF21D017437BC70019DDB6 /* VirtualItemStorage.m */ = {isa = PBXFileReference; fileEncoding = 4; lastKnownFileType = sourcecode.c.objc; path = VirtualItemStorage.m; sourceTree = "<group>"; };
		F0BF21EB17437BD70019DDB6 /* AppStoreItem.h */ = {isa = PBXFileReference; fileEncoding = 4; lastKnownFileType = sourcecode.c.h; path = AppStoreItem.h; sourceTree = "<group>"; };
		F0BF21EC17437BD70019DDB6 /* AppStoreItem.m */ = {isa = PBXFileReference; fileEncoding = 4; lastKnownFileType = sourcecode.c.objc; path = AppStoreItem.m; sourceTree = "<group>"; };
		F0BF21ED17437BD70019DDB6 /* NonConsumableItem.h */ = {isa = PBXFileReference; fileEncoding = 4; lastKnownFileType = sourcecode.c.h; path = NonConsumableItem.h; sourceTree = "<group>"; };
		F0BF21EE17437BD70019DDB6 /* NonConsumableItem.m */ = {isa = PBXFileReference; fileEncoding = 4; lastKnownFileType = sourcecode.c.objc; path = NonConsumableItem.m; sourceTree = "<group>"; };
		F0BF21EF17437BD70019DDB6 /* PurchasableVirtualItem.h */ = {isa = PBXFileReference; fileEncoding = 4; lastKnownFileType = sourcecode.c.h; path = PurchasableVirtualItem.h; sourceTree = "<group>"; };
		F0BF21F017437BD70019DDB6 /* PurchasableVirtualItem.m */ = {isa = PBXFileReference; fileEncoding = 4; lastKnownFileType = sourcecode.c.objc; path = PurchasableVirtualItem.m; sourceTree = "<group>"; };
		F0BF21F117437BD70019DDB6 /* VirtualCategory.h */ = {isa = PBXFileReference; fileEncoding = 4; lastKnownFileType = sourcecode.c.h; path = VirtualCategory.h; sourceTree = "<group>"; };
		F0BF21F217437BD70019DDB6 /* VirtualCategory.m */ = {isa = PBXFileReference; fileEncoding = 4; lastKnownFileType = sourcecode.c.objc; path = VirtualCategory.m; sourceTree = "<group>"; };
		F0BF21F417437BD70019DDB6 /* VirtualCurrency.h */ = {isa = PBXFileReference; fileEncoding = 4; lastKnownFileType = sourcecode.c.h; path = VirtualCurrency.h; sourceTree = "<group>"; };
		F0BF21F517437BD70019DDB6 /* VirtualCurrency.m */ = {isa = PBXFileReference; fileEncoding = 4; lastKnownFileType = sourcecode.c.objc; path = VirtualCurrency.m; sourceTree = "<group>"; };
		F0BF21F617437BD70019DDB6 /* VirtualCurrencyPack.h */ = {isa = PBXFileReference; fileEncoding = 4; lastKnownFileType = sourcecode.c.h; path = VirtualCurrencyPack.h; sourceTree = "<group>"; };
		F0BF21F717437BD70019DDB6 /* VirtualCurrencyPack.m */ = {isa = PBXFileReference; fileEncoding = 4; lastKnownFileType = sourcecode.c.objc; path = VirtualCurrencyPack.m; sourceTree = "<group>"; };
		F0BF21F917437BD70019DDB6 /* EquippableVG.h */ = {isa = PBXFileReference; fileEncoding = 4; lastKnownFileType = sourcecode.c.h; path = EquippableVG.h; sourceTree = "<group>"; };
		F0BF21FA17437BD70019DDB6 /* EquippableVG.m */ = {isa = PBXFileReference; fileEncoding = 4; lastKnownFileType = sourcecode.c.objc; path = EquippableVG.m; sourceTree = "<group>"; };
		F0BF21FB17437BD70019DDB6 /* LifetimeVG.h */ = {isa = PBXFileReference; fileEncoding = 4; lastKnownFileType = sourcecode.c.h; path = LifetimeVG.h; sourceTree = "<group>"; };
		F0BF21FC17437BD70019DDB6 /* LifetimeVG.m */ = {isa = PBXFileReference; fileEncoding = 4; lastKnownFileType = sourcecode.c.objc; path = LifetimeVG.m; sourceTree = "<group>"; };
		F0BF21FD17437BD70019DDB6 /* SingleUsePackVG.h */ = {isa = PBXFileReference; fileEncoding = 4; lastKnownFileType = sourcecode.c.h; path = SingleUsePackVG.h; sourceTree = "<group>"; };
		F0BF21FE17437BD70019DDB6 /* SingleUsePackVG.m */ = {isa = PBXFileReference; fileEncoding = 4; lastKnownFileType = sourcecode.c.objc; path = SingleUsePackVG.m; sourceTree = "<group>"; };
		F0BF21FF17437BD70019DDB6 /* SingleUseVG.h */ = {isa = PBXFileReference; fileEncoding = 4; lastKnownFileType = sourcecode.c.h; path = SingleUseVG.h; sourceTree = "<group>"; };
		F0BF220017437BD70019DDB6 /* SingleUseVG.m */ = {isa = PBXFileReference; fileEncoding = 4; lastKnownFileType = sourcecode.c.objc; path = SingleUseVG.m; sourceTree = "<group>"; };
		F0BF220117437BD70019DDB6 /* UpgradeVG.h */ = {isa = PBXFileReference; fileEncoding = 4; lastKnownFileType = sourcecode.c.h; path = UpgradeVG.h; sourceTree = "<group>"; };
		F0BF220217437BD70019DDB6 /* UpgradeVG.m */ = {isa = PBXFileReference; fileEncoding = 4; lastKnownFileType = sourcecode.c.objc; path = UpgradeVG.m; sourceTree = "<group>"; };
		F0BF220317437BD70019DDB6 /* VirtualGood.h */ = {isa = PBXFileReference; fileEncoding = 4; lastKnownFileType = sourcecode.c.h; path = VirtualGood.h; sourceTree = "<group>"; };
		F0BF220417437BD70019DDB6 /* VirtualGood.m */ = {isa = PBXFileReference; fileEncoding = 4; lastKnownFileType = sourcecode.c.objc; path = VirtualGood.m; sourceTree = "<group>"; };
		F0BF220517437BD70019DDB6 /* VirtualItem.h */ = {isa = PBXFileReference; fileEncoding = 4; lastKnownFileType = sourcecode.c.h; path = VirtualItem.h; sourceTree = "<group>"; };
		F0BF220617437BD70019DDB6 /* VirtualItem.m */ = {isa = PBXFileReference; fileEncoding = 4; lastKnownFileType = sourcecode.c.objc; path = VirtualItem.m; sourceTree = "<group>"; };
		F0BF222117437BF20019DDB6 /* InsufficientFundsException.h */ = {isa = PBXFileReference; fileEncoding = 4; lastKnownFileType = sourcecode.c.h; path = InsufficientFundsException.h; sourceTree = "<group>"; };
		F0BF222217437BF20019DDB6 /* InsufficientFundsException.m */ = {isa = PBXFileReference; fileEncoding = 4; lastKnownFileType = sourcecode.c.objc; path = InsufficientFundsException.m; sourceTree = "<group>"; };
		F0BF222317437BF30019DDB6 /* NotEnoughGoodsException.h */ = {isa = PBXFileReference; fileEncoding = 4; lastKnownFileType = sourcecode.c.h; path = NotEnoughGoodsException.h; sourceTree = "<group>"; };
		F0BF222417437BF30019DDB6 /* NotEnoughGoodsException.m */ = {isa = PBXFileReference; fileEncoding = 4; lastKnownFileType = sourcecode.c.objc; path = NotEnoughGoodsException.m; sourceTree = "<group>"; };
		F0BF222517437BF30019DDB6 /* VirtualItemNotFoundException.h */ = {isa = PBXFileReference; fileEncoding = 4; lastKnownFileType = sourcecode.c.h; path = VirtualItemNotFoundException.h; sourceTree = "<group>"; };
		F0BF222617437BF30019DDB6 /* VirtualItemNotFoundException.m */ = {isa = PBXFileReference; fileEncoding = 4; lastKnownFileType = sourcecode.c.objc; path = VirtualItemNotFoundException.m; sourceTree = "<group>"; };
		F0BF222D17437C120019DDB6 /* license */ = {isa = PBXFileReference; fileEncoding = 4; lastKnownFileType = text; path = license; sourceTree = "<group>"; };
		F0BF222E17437C120019DDB6 /* NSString-MD5Addition.h */ = {isa = PBXFileReference; fileEncoding = 4; lastKnownFileType = sourcecode.c.h; path = "NSString-MD5Addition.h"; sourceTree = "<group>"; };
		F0BF222F17437C120019DDB6 /* NSString-MD5Addition.m */ = {isa = PBXFileReference; fileEncoding = 4; lastKnownFileType = sourcecode.c.objc; path = "NSString-MD5Addition.m"; sourceTree = "<group>"; };
		F0BF223017437C120019DDB6 /* UIDevice-IdentifierAddition.h */ = {isa = PBXFileReference; fileEncoding = 4; lastKnownFileType = sourcecode.c.h; path = "UIDevice-IdentifierAddition.h"; sourceTree = "<group>"; };
		F0BF223117437C120019DDB6 /* UIDevice-IdentifierAddition.m */ = {isa = PBXFileReference; fileEncoding = 4; lastKnownFileType = sourcecode.c.objc; path = "UIDevice-IdentifierAddition.m"; sourceTree = "<group>"; };
		F0BF223617437C250019DDB6 /* FBEncryptorAES.h */ = {isa = PBXFileReference; fileEncoding = 4; lastKnownFileType = sourcecode.c.h; path = FBEncryptorAES.h; sourceTree = "<group>"; };
		F0BF223717437C250019DDB6 /* FBEncryptorAES.m */ = {isa = PBXFileReference; fileEncoding = 4; lastKnownFileType = sourcecode.c.objc; path = FBEncryptorAES.m; sourceTree = "<group>"; };
		F0BF223817437C250019DDB6 /* NSData-Base64.h */ = {isa = PBXFileReference; fileEncoding = 4; lastKnownFileType = sourcecode.c.h; path = "NSData-Base64.h"; sourceTree = "<group>"; };
		F0BF223917437C250019DDB6 /* NSData-Base64.m */ = {isa = PBXFileReference; fileEncoding = 4; lastKnownFileType = sourcecode.c.objc; path = "NSData-Base64.m"; sourceTree = "<group>"; };
		F0BF223F17437C460019DDB6 /* PurchaseType.h */ = {isa = PBXFileReference; fileEncoding = 4; lastKnownFileType = sourcecode.c.h; path = PurchaseType.h; sourceTree = "<group>"; };
		F0BF224017437C460019DDB6 /* PurchaseType.m */ = {isa = PBXFileReference; fileEncoding = 4; lastKnownFileType = sourcecode.c.objc; path = PurchaseType.m; sourceTree = "<group>"; };
		F0BF224117437C460019DDB6 /* PurchaseWithMarket.h */ = {isa = PBXFileReference; fileEncoding = 4; lastKnownFileType = sourcecode.c.h; path = PurchaseWithMarket.h; sourceTree = "<group>"; };
		F0BF224217437C460019DDB6 /* PurchaseWithMarket.m */ = {isa = PBXFileReference; fileEncoding = 4; lastKnownFileType = sourcecode.c.objc; path = PurchaseWithMarket.m; sourceTree = "<group>"; };
		F0BF224317437C460019DDB6 /* PurchaseWithVirtualItem.h */ = {isa = PBXFileReference; fileEncoding = 4; lastKnownFileType = sourcecode.c.h; path = PurchaseWithVirtualItem.h; sourceTree = "<group>"; };
		F0BF224417437C460019DDB6 /* PurchaseWithVirtualItem.m */ = {isa = PBXFileReference; fileEncoding = 4; lastKnownFileType = sourcecode.c.objc; path = PurchaseWithVirtualItem.m; sourceTree = "<group>"; };
		F0BF224517437C460019DDB6 /* StoreUtils.h */ = {isa = PBXFileReference; fileEncoding = 4; lastKnownFileType = sourcecode.c.h; path = StoreUtils.h; sourceTree = "<group>"; };
		F0BF224617437C460019DDB6 /* StoreUtils.m */ = {isa = PBXFileReference; fileEncoding = 4; lastKnownFileType = sourcecode.c.objc; path = StoreUtils.m; sourceTree = "<group>"; };
/* End PBXFileReference section */

/* Begin PBXFrameworksBuildPhase section */
		C02CEC3F160DC870000AA0D2 /* Frameworks */ = {
			isa = PBXFrameworksBuildPhase;
			buildActionMask = 2147483647;
			files = (
				C07DA3C316218309005792DD /* libsqlite3.0.dylib in Frameworks */,
				C018B64F16105F77000FE817 /* CoreFoundation.framework in Frameworks */,
				C02CECF6160DCB4A000AA0D2 /* UIKit.framework in Frameworks */,
				C02CEC7B160DCA3A000AA0D2 /* Security.framework in Frameworks */,
				C02CEC79160DCA31000AA0D2 /* StoreKit.framework in Frameworks */,
				C02CEC46160DC870000AA0D2 /* Foundation.framework in Frameworks */,
			);
			runOnlyForDeploymentPostprocessing = 0;
		};
		C02CEC4F160DC870000AA0D2 /* Frameworks */ = {
			isa = PBXFrameworksBuildPhase;
			buildActionMask = 2147483647;
			files = (
				C02CEC55160DC870000AA0D2 /* SenTestingKit.framework in Frameworks */,
				C02CEC58160DC870000AA0D2 /* Foundation.framework in Frameworks */,
				C08CF2611641CF39007603E8 /* libSoomlaiOSStore.a in Frameworks */,
			);
			runOnlyForDeploymentPostprocessing = 0;
		};
/* End PBXFrameworksBuildPhase section */

/* Begin PBXGroup section */
		C02CEC37160DC870000AA0D2 = {
			isa = PBXGroup;
			children = (
				C02CEC47160DC870000AA0D2 /* SoomlaiOSStore */,
				C02CEC5C160DC870000AA0D2 /* SoomlaiOSStoreTests */,
				C02CEC44160DC870000AA0D2 /* Frameworks */,
				C02CEC43160DC870000AA0D2 /* Products */,
			);
			sourceTree = "<group>";
		};
		C02CEC43160DC870000AA0D2 /* Products */ = {
			isa = PBXGroup;
			children = (
				C02CEC42160DC870000AA0D2 /* libSoomlaiOSStore.a */,
				C02CEC53160DC870000AA0D2 /* SoomlaiOSStoreTests.octest */,
			);
			name = Products;
			sourceTree = "<group>";
		};
		C02CEC44160DC870000AA0D2 /* Frameworks */ = {
			isa = PBXGroup;
			children = (
				C07DA3C216218309005792DD /* libsqlite3.0.dylib */,
				C02CECF5160DCB4A000AA0D2 /* UIKit.framework */,
				C02CEC7A160DCA3A000AA0D2 /* Security.framework */,
				C02CEC78160DCA31000AA0D2 /* StoreKit.framework */,
				C02CEC45160DC870000AA0D2 /* Foundation.framework */,
				C02CEC54160DC870000AA0D2 /* SenTestingKit.framework */,
				C018B47B160F5B23000FE817 /* CoreFoundation.framework */,
			);
			name = Frameworks;
			sourceTree = "<group>";
		};
		C02CEC47160DC870000AA0D2 /* SoomlaiOSStore */ = {
			isa = PBXGroup;
			children = (
				C02CEC7C160DCA67000AA0D2 /* data */,
				C02CEC90160DCA67000AA0D2 /* domain */,
				C02CECAD160DCA67000AA0D2 /* exceptions */,
				C02CECB4160DCA67000AA0D2 /* JSON */,
				C07DA3D7162474AC005792DD /* FBEncryptor */,
				C02CECCE160DCA67000AA0D2 /* UIDevice-UUID */,
				C02CEC48160DC870000AA0D2 /* Supporting Files */,
				F0BF223E17437C460019DDB6 /* PurchaseTypes */,
				F0BF224517437C460019DDB6 /* StoreUtils.h */,
				F0BF224617437C460019DDB6 /* StoreUtils.m */,
				C02CECAB160DCA67000AA0D2 /* EventHandling.h */,
				C02CECAC160DCA67000AA0D2 /* EventHandling.m */,
				C02CECB2160DCA67000AA0D2 /* IStoreAsssets.h */,
				C02CECCA160DCA67000AA0D2 /* StoreConfig.h */,
				C02CECCB160DCA67000AA0D2 /* StoreConfig.m */,
				C02CECCC160DCA67000AA0D2 /* StoreController.h */,
				C02CECCD160DCA67000AA0D2 /* StoreController.m */,
				C0B04314163C6F3E0015400E /* StoreInventory.h */,
				C0B04315163C6F3E0015400E /* StoreInventory.m */,
			);
			path = SoomlaiOSStore;
			sourceTree = "<group>";
		};
		C02CEC48160DC870000AA0D2 /* Supporting Files */ = {
			isa = PBXGroup;
			children = (
				C02CEC49160DC870000AA0D2 /* SoomlaiOSStore-Prefix.pch */,
			);
			name = "Supporting Files";
			sourceTree = "<group>";
		};
		C02CEC5C160DC870000AA0D2 /* SoomlaiOSStoreTests */ = {
			isa = PBXGroup;
			children = (
				C02CEC62160DC870000AA0D2 /* SoomlaiOSStoreTests.h */,
				C02CEC63160DC870000AA0D2 /* SoomlaiOSStoreTests.m */,
				C02CEC5D160DC870000AA0D2 /* Supporting Files */,
			);
			path = SoomlaiOSStoreTests;
			sourceTree = "<group>";
		};
		C02CEC5D160DC870000AA0D2 /* Supporting Files */ = {
			isa = PBXGroup;
			children = (
				C02CEC5E160DC870000AA0D2 /* SoomlaiOSStoreTests-Info.plist */,
				C02CEC5F160DC870000AA0D2 /* InfoPlist.strings */,
			);
			name = "Supporting Files";
			sourceTree = "<group>";
		};
		C02CEC7C160DCA67000AA0D2 /* data */ = {
			isa = PBXGroup;
			children = (
				F0BF21B717437BC70019DDB6 /* JSONConsts.h */,
				F0BF21B817437BC70019DDB6 /* JSONConsts.m */,
				F0BF21B917437BC70019DDB6 /* KeyValDatabase.h */,
				F0BF21BA17437BC70019DDB6 /* KeyValDatabase.m */,
				F0BF21BB17437BC70019DDB6 /* KeyValueStorage.h */,
				F0BF21BC17437BC70019DDB6 /* KeyValueStorage.m */,
				F0BF21BD17437BC70019DDB6 /* NonConsumableStorage.h */,
				F0BF21BE17437BC70019DDB6 /* NonConsumableStorage.m */,
				F0BF21BF17437BC70019DDB6 /* ObscuredNSUserDefaults.h */,
				F0BF21C017437BC70019DDB6 /* ObscuredNSUserDefaults.m */,
				F0BF21C117437BC70019DDB6 /* StorageManager.h */,
				F0BF21C217437BC70019DDB6 /* StorageManager.m */,
				F0BF21C317437BC70019DDB6 /* StoreDatabase.h */,
				F0BF21C417437BC70019DDB6 /* StoreDatabase.m */,
				F0BF21C517437BC70019DDB6 /* StoreEncryptor.h */,
				F0BF21C617437BC70019DDB6 /* StoreEncryptor.m */,
				F0BF21C717437BC70019DDB6 /* StorefrontInfo.h */,
				F0BF21C817437BC70019DDB6 /* StorefrontInfo.m */,
				F0BF21C917437BC70019DDB6 /* StoreInfo.h */,
				F0BF21CA17437BC70019DDB6 /* StoreInfo.m */,
				F0BF21CB17437BC70019DDB6 /* VirtualCurrencyStorage.h */,
				F0BF21CC17437BC70019DDB6 /* VirtualCurrencyStorage.m */,
				F0BF21CD17437BC70019DDB6 /* VirtualGoodStorage.h */,
				F0BF21CE17437BC70019DDB6 /* VirtualGoodStorage.m */,
				F0BF21CF17437BC70019DDB6 /* VirtualItemStorage.h */,
				F0BF21D017437BC70019DDB6 /* VirtualItemStorage.m */,
			);
			path = data;
			sourceTree = "<group>";
		};
		C02CEC90160DCA67000AA0D2 /* domain */ = {
			isa = PBXGroup;
			children = (
				F0BF21F317437BD70019DDB6 /* virtualCurrencies */,
				F0BF21F817437BD70019DDB6 /* virtualGoods */,
				F0BF21EB17437BD70019DDB6 /* AppStoreItem.h */,
				F0BF21EC17437BD70019DDB6 /* AppStoreItem.m */,
				F0BF21ED17437BD70019DDB6 /* NonConsumableItem.h */,
				F0BF21EE17437BD70019DDB6 /* NonConsumableItem.m */,
				F0BF21EF17437BD70019DDB6 /* PurchasableVirtualItem.h */,
				F0BF21F017437BD70019DDB6 /* PurchasableVirtualItem.m */,
				F0BF21F117437BD70019DDB6 /* VirtualCategory.h */,
				F0BF21F217437BD70019DDB6 /* VirtualCategory.m */,
				F0BF220517437BD70019DDB6 /* VirtualItem.h */,
				F0BF220617437BD70019DDB6 /* VirtualItem.m */,
			);
			path = domain;
			sourceTree = "<group>";
		};
		C02CECAD160DCA67000AA0D2 /* exceptions */ = {
			isa = PBXGroup;
			children = (
				F0BF222117437BF20019DDB6 /* InsufficientFundsException.h */,
				F0BF222217437BF20019DDB6 /* InsufficientFundsException.m */,
				F0BF222317437BF30019DDB6 /* NotEnoughGoodsException.h */,
				F0BF222417437BF30019DDB6 /* NotEnoughGoodsException.m */,
				F0BF222517437BF30019DDB6 /* VirtualItemNotFoundException.h */,
				F0BF222617437BF30019DDB6 /* VirtualItemNotFoundException.m */,
			);
			path = exceptions;
			sourceTree = "<group>";
		};
		C02CECB4160DCA67000AA0D2 /* JSON */ = {
			isa = PBXGroup;
			children = (
				C02CECB5160DCA67000AA0D2 /* JSONKit.h */,
				C02CECB6160DCA67000AA0D2 /* JSONKit.m */,
			);
			path = JSON;
			sourceTree = "<group>";
		};
		C02CECCE160DCA67000AA0D2 /* UIDevice-UUID */ = {
			isa = PBXGroup;
			children = (
				F0BF222D17437C120019DDB6 /* license */,
				F0BF222E17437C120019DDB6 /* NSString-MD5Addition.h */,
				F0BF222F17437C120019DDB6 /* NSString-MD5Addition.m */,
				F0BF223017437C120019DDB6 /* UIDevice-IdentifierAddition.h */,
				F0BF223117437C120019DDB6 /* UIDevice-IdentifierAddition.m */,
			);
			path = "UIDevice-UUID";
			sourceTree = "<group>";
		};
		C07DA3D7162474AC005792DD /* FBEncryptor */ = {
			isa = PBXGroup;
			children = (
				F0BF223617437C250019DDB6 /* FBEncryptorAES.h */,
				F0BF223717437C250019DDB6 /* FBEncryptorAES.m */,
				F0BF223817437C250019DDB6 /* NSData-Base64.h */,
				F0BF223917437C250019DDB6 /* NSData-Base64.m */,
			);
			path = FBEncryptor;
			sourceTree = "<group>";
		};
		F0BF21F317437BD70019DDB6 /* virtualCurrencies */ = {
			isa = PBXGroup;
			children = (
				F0BF21F417437BD70019DDB6 /* VirtualCurrency.h */,
				F0BF21F517437BD70019DDB6 /* VirtualCurrency.m */,
				F0BF21F617437BD70019DDB6 /* VirtualCurrencyPack.h */,
				F0BF21F717437BD70019DDB6 /* VirtualCurrencyPack.m */,
			);
			path = virtualCurrencies;
			sourceTree = "<group>";
		};
		F0BF21F817437BD70019DDB6 /* virtualGoods */ = {
			isa = PBXGroup;
			children = (
				F0BF21F917437BD70019DDB6 /* EquippableVG.h */,
				F0BF21FA17437BD70019DDB6 /* EquippableVG.m */,
				F0BF21FB17437BD70019DDB6 /* LifetimeVG.h */,
				F0BF21FC17437BD70019DDB6 /* LifetimeVG.m */,
				F0BF21FD17437BD70019DDB6 /* SingleUsePackVG.h */,
				F0BF21FE17437BD70019DDB6 /* SingleUsePackVG.m */,
				F0BF21FF17437BD70019DDB6 /* SingleUseVG.h */,
				F0BF220017437BD70019DDB6 /* SingleUseVG.m */,
				F0BF220117437BD70019DDB6 /* UpgradeVG.h */,
				F0BF220217437BD70019DDB6 /* UpgradeVG.m */,
				F0BF220317437BD70019DDB6 /* VirtualGood.h */,
				F0BF220417437BD70019DDB6 /* VirtualGood.m */,
			);
			path = virtualGoods;
			sourceTree = "<group>";
		};
		F0BF223E17437C460019DDB6 /* PurchaseTypes */ = {
			isa = PBXGroup;
			children = (
				F0BF223F17437C460019DDB6 /* PurchaseType.h */,
				F0BF224017437C460019DDB6 /* PurchaseType.m */,
				F0BF224117437C460019DDB6 /* PurchaseWithMarket.h */,
				F0BF224217437C460019DDB6 /* PurchaseWithMarket.m */,
				F0BF224317437C460019DDB6 /* PurchaseWithVirtualItem.h */,
				F0BF224417437C460019DDB6 /* PurchaseWithVirtualItem.m */,
			);
			path = PurchaseTypes;
			sourceTree = "<group>";
		};
/* End PBXGroup section */

/* Begin PBXHeadersBuildPhase section */
		C062234A162579D500101FE8 /* Headers */ = {
			isa = PBXHeadersBuildPhase;
			buildActionMask = 2147483647;
			files = (
				C062234B16257AF100101FE8 /* EventHandling.h in Headers */,
				C062234C16257AF300101FE8 /* IStoreAsssets.h in Headers */,
				C062234E16257AFB00101FE8 /* StoreController.h in Headers */,
				C062234D16257AF700101FE8 /* StoreConfig.h in Headers */,
				C062235316257B1200101FE8 /* JSONKit.h in Headers */,
				C0B04316163C6F3E0015400E /* StoreInventory.h in Headers */,
				F0BF21D117437BC70019DDB6 /* JSONConsts.h in Headers */,
				F0BF21D317437BC70019DDB6 /* KeyValDatabase.h in Headers */,
				F0BF21D517437BC70019DDB6 /* KeyValueStorage.h in Headers */,
				F0BF21D717437BC70019DDB6 /* NonConsumableStorage.h in Headers */,
				F0BF21D917437BC70019DDB6 /* ObscuredNSUserDefaults.h in Headers */,
				F0BF21DB17437BC70019DDB6 /* StorageManager.h in Headers */,
				F0BF21DD17437BC70019DDB6 /* StoreDatabase.h in Headers */,
				F0BF21DF17437BC70019DDB6 /* StoreEncryptor.h in Headers */,
				F0BF21E117437BC70019DDB6 /* StorefrontInfo.h in Headers */,
				F0BF21E317437BC70019DDB6 /* StoreInfo.h in Headers */,
				F0BF21E517437BC70019DDB6 /* VirtualCurrencyStorage.h in Headers */,
				F0BF21E717437BC70019DDB6 /* VirtualGoodStorage.h in Headers */,
				F0BF21E917437BC70019DDB6 /* VirtualItemStorage.h in Headers */,
				F0BF220717437BD70019DDB6 /* AppStoreItem.h in Headers */,
				F0BF220917437BD70019DDB6 /* NonConsumableItem.h in Headers */,
				F0BF220B17437BD70019DDB6 /* PurchasableVirtualItem.h in Headers */,
				F0BF220D17437BD70019DDB6 /* VirtualCategory.h in Headers */,
				F0BF220F17437BD70019DDB6 /* VirtualCurrency.h in Headers */,
				F0BF221117437BD70019DDB6 /* VirtualCurrencyPack.h in Headers */,
				F0BF221317437BD70019DDB6 /* EquippableVG.h in Headers */,
				F0BF221517437BD70019DDB6 /* LifetimeVG.h in Headers */,
				F0BF221717437BD70019DDB6 /* SingleUsePackVG.h in Headers */,
				F0BF221917437BD70019DDB6 /* SingleUseVG.h in Headers */,
				F0BF221B17437BD70019DDB6 /* UpgradeVG.h in Headers */,
				F0BF221D17437BD70019DDB6 /* VirtualGood.h in Headers */,
				F0BF221F17437BD70019DDB6 /* VirtualItem.h in Headers */,
				F0BF222717437BF30019DDB6 /* InsufficientFundsException.h in Headers */,
				F0BF222917437BF30019DDB6 /* NotEnoughGoodsException.h in Headers */,
				F0BF222B17437BF30019DDB6 /* VirtualItemNotFoundException.h in Headers */,
				F0BF223217437C120019DDB6 /* NSString-MD5Addition.h in Headers */,
				F0BF223417437C120019DDB6 /* UIDevice-IdentifierAddition.h in Headers */,
				F0BF223A17437C250019DDB6 /* FBEncryptorAES.h in Headers */,
				F0BF223C17437C250019DDB6 /* NSData-Base64.h in Headers */,
				F0BF224717437C460019DDB6 /* PurchaseType.h in Headers */,
				F0BF224917437C460019DDB6 /* PurchaseWithMarket.h in Headers */,
				F0BF224B17437C460019DDB6 /* PurchaseWithVirtualItem.h in Headers */,
				F0BF224D17437C460019DDB6 /* StoreUtils.h in Headers */,
			);
			runOnlyForDeploymentPostprocessing = 0;
		};
/* End PBXHeadersBuildPhase section */

/* Begin PBXNativeTarget section */
		C02CEC41160DC870000AA0D2 /* SoomlaiOSStore */ = {
			isa = PBXNativeTarget;
			buildConfigurationList = C02CEC67160DC870000AA0D2 /* Build configuration list for PBXNativeTarget "SoomlaiOSStore" */;
			buildPhases = (
				C02CEC3E160DC870000AA0D2 /* Sources */,
				C02CEC3F160DC870000AA0D2 /* Frameworks */,
				C062234A162579D500101FE8 /* Headers */,
			);
			buildRules = (
			);
			dependencies = (
			);
			name = SoomlaiOSStore;
			productName = SoomlaiOSStore;
			productReference = C02CEC42160DC870000AA0D2 /* libSoomlaiOSStore.a */;
			productType = "com.apple.product-type.library.static";
		};
		C02CEC52160DC870000AA0D2 /* SoomlaiOSStoreTests */ = {
			isa = PBXNativeTarget;
			buildConfigurationList = C02CEC6A160DC870000AA0D2 /* Build configuration list for PBXNativeTarget "SoomlaiOSStoreTests" */;
			buildPhases = (
				C02CEC4E160DC870000AA0D2 /* Sources */,
				C02CEC4F160DC870000AA0D2 /* Frameworks */,
				C02CEC50160DC870000AA0D2 /* Resources */,
				C02CEC51160DC870000AA0D2 /* ShellScript */,
			);
			buildRules = (
			);
			dependencies = (
				C02CEC5A160DC870000AA0D2 /* PBXTargetDependency */,
			);
			name = SoomlaiOSStoreTests;
			productName = SoomlaiOSStoreTests;
			productReference = C02CEC53160DC870000AA0D2 /* SoomlaiOSStoreTests.octest */;
			productType = "com.apple.product-type.bundle";
		};
/* End PBXNativeTarget section */

/* Begin PBXProject section */
		C02CEC39160DC870000AA0D2 /* Project object */ = {
			isa = PBXProject;
			attributes = {
				LastUpgradeCheck = 0450;
				ORGANIZATIONNAME = SOOMLA;
			};
			buildConfigurationList = C02CEC3C160DC870000AA0D2 /* Build configuration list for PBXProject "SoomlaiOSStore" */;
			compatibilityVersion = "Xcode 3.2";
			developmentRegion = English;
			hasScannedForEncodings = 0;
			knownRegions = (
				en,
			);
			mainGroup = C02CEC37160DC870000AA0D2;
			productRefGroup = C02CEC43160DC870000AA0D2 /* Products */;
			projectDirPath = "";
			projectRoot = "";
			targets = (
				C02CEC41160DC870000AA0D2 /* SoomlaiOSStore */,
				C02CEC52160DC870000AA0D2 /* SoomlaiOSStoreTests */,
			);
		};
/* End PBXProject section */

/* Begin PBXResourcesBuildPhase section */
		C02CEC50160DC870000AA0D2 /* Resources */ = {
			isa = PBXResourcesBuildPhase;
			buildActionMask = 2147483647;
			files = (
				C02CEC61160DC870000AA0D2 /* InfoPlist.strings in Resources */,
			);
			runOnlyForDeploymentPostprocessing = 0;
		};
/* End PBXResourcesBuildPhase section */

/* Begin PBXShellScriptBuildPhase section */
		C02CEC51160DC870000AA0D2 /* ShellScript */ = {
			isa = PBXShellScriptBuildPhase;
			buildActionMask = 2147483647;
			files = (
			);
			inputPaths = (
			);
			outputPaths = (
			);
			runOnlyForDeploymentPostprocessing = 0;
			shellPath = /bin/sh;
			shellScript = "# Run the unit tests in this test bundle.\n\"${SYSTEM_DEVELOPER_DIR}/Tools/RunUnitTests\"\n";
		};
/* End PBXShellScriptBuildPhase section */

/* Begin PBXSourcesBuildPhase section */
		C02CEC3E160DC870000AA0D2 /* Sources */ = {
			isa = PBXSourcesBuildPhase;
			buildActionMask = 2147483647;
			files = (
				C02CECE5160DCA67000AA0D2 /* EventHandling.m in Sources */,
				C02CECE8160DCA67000AA0D2 /* JSONKit.m in Sources */,
				C02CECF1160DCA67000AA0D2 /* StoreConfig.m in Sources */,
				C02CECF2160DCA67000AA0D2 /* StoreController.m in Sources */,
				C0B04317163C6F3E0015400E /* StoreInventory.m in Sources */,
				F0BF21D217437BC70019DDB6 /* JSONConsts.m in Sources */,
				F0BF21D417437BC70019DDB6 /* KeyValDatabase.m in Sources */,
				F0BF21D617437BC70019DDB6 /* KeyValueStorage.m in Sources */,
				F0BF21D817437BC70019DDB6 /* NonConsumableStorage.m in Sources */,
				F0BF21DA17437BC70019DDB6 /* ObscuredNSUserDefaults.m in Sources */,
				F0BF21DC17437BC70019DDB6 /* StorageManager.m in Sources */,
				F0BF21DE17437BC70019DDB6 /* StoreDatabase.m in Sources */,
				F0BF21E017437BC70019DDB6 /* StoreEncryptor.m in Sources */,
				F0BF21E217437BC70019DDB6 /* StorefrontInfo.m in Sources */,
				F0BF21E417437BC70019DDB6 /* StoreInfo.m in Sources */,
				F0BF21E617437BC70019DDB6 /* VirtualCurrencyStorage.m in Sources */,
				F0BF21E817437BC70019DDB6 /* VirtualGoodStorage.m in Sources */,
				F0BF21EA17437BC70019DDB6 /* VirtualItemStorage.m in Sources */,
				F0BF220817437BD70019DDB6 /* AppStoreItem.m in Sources */,
				F0BF220A17437BD70019DDB6 /* NonConsumableItem.m in Sources */,
				F0BF220C17437BD70019DDB6 /* PurchasableVirtualItem.m in Sources */,
				F0BF220E17437BD70019DDB6 /* VirtualCategory.m in Sources */,
				F0BF221017437BD70019DDB6 /* VirtualCurrency.m in Sources */,
				F0BF221217437BD70019DDB6 /* VirtualCurrencyPack.m in Sources */,
				F0BF221417437BD70019DDB6 /* EquippableVG.m in Sources */,
				F0BF221617437BD70019DDB6 /* LifetimeVG.m in Sources */,
				F0BF221817437BD70019DDB6 /* SingleUsePackVG.m in Sources */,
				F0BF221A17437BD70019DDB6 /* SingleUseVG.m in Sources */,
				F0BF221C17437BD70019DDB6 /* UpgradeVG.m in Sources */,
				F0BF221E17437BD70019DDB6 /* VirtualGood.m in Sources */,
				F0BF222017437BD70019DDB6 /* VirtualItem.m in Sources */,
				F0BF222817437BF30019DDB6 /* InsufficientFundsException.m in Sources */,
				F0BF222A17437BF30019DDB6 /* NotEnoughGoodsException.m in Sources */,
				F0BF222C17437BF30019DDB6 /* VirtualItemNotFoundException.m in Sources */,
				F0BF223317437C120019DDB6 /* NSString-MD5Addition.m in Sources */,
				F0BF223517437C120019DDB6 /* UIDevice-IdentifierAddition.m in Sources */,
				F0BF223B17437C250019DDB6 /* FBEncryptorAES.m in Sources */,
				F0BF223D17437C250019DDB6 /* NSData-Base64.m in Sources */,
				F0BF224817437C460019DDB6 /* PurchaseType.m in Sources */,
				F0BF224A17437C460019DDB6 /* PurchaseWithMarket.m in Sources */,
				F0BF224C17437C460019DDB6 /* PurchaseWithVirtualItem.m in Sources */,
				F0BF224E17437C460019DDB6 /* StoreUtils.m in Sources */,
			);
			runOnlyForDeploymentPostprocessing = 0;
		};
		C02CEC4E160DC870000AA0D2 /* Sources */ = {
			isa = PBXSourcesBuildPhase;
			buildActionMask = 2147483647;
			files = (
				C02CEC64160DC870000AA0D2 /* SoomlaiOSStoreTests.m in Sources */,
				C0B04318163C6F3E0015400E /* StoreInventory.m in Sources */,
			);
			runOnlyForDeploymentPostprocessing = 0;
		};
/* End PBXSourcesBuildPhase section */

/* Begin PBXTargetDependency section */
		C02CEC5A160DC870000AA0D2 /* PBXTargetDependency */ = {
			isa = PBXTargetDependency;
			target = C02CEC41160DC870000AA0D2 /* SoomlaiOSStore */;
			targetProxy = C02CEC59160DC870000AA0D2 /* PBXContainerItemProxy */;
		};
/* End PBXTargetDependency section */

/* Begin PBXVariantGroup section */
		C02CEC5F160DC870000AA0D2 /* InfoPlist.strings */ = {
			isa = PBXVariantGroup;
			children = (
				C02CEC60160DC870000AA0D2 /* en */,
			);
			name = InfoPlist.strings;
			sourceTree = "<group>";
		};
/* End PBXVariantGroup section */

/* Begin XCBuildConfiguration section */
		C02CEC65160DC870000AA0D2 /* Debug */ = {
			isa = XCBuildConfiguration;
			buildSettings = {
				ALWAYS_SEARCH_USER_PATHS = NO;
				CLANG_CXX_LANGUAGE_STANDARD = "gnu++0x";
				CLANG_CXX_LIBRARY = "libc++";
				CLANG_ENABLE_OBJC_ARC = YES;
				CLANG_WARN_EMPTY_BODY = YES;
				CLANG_WARN__DUPLICATE_METHOD_MATCH = YES;
				COPY_PHASE_STRIP = NO;
				GCC_C_LANGUAGE_STANDARD = gnu99;
				GCC_DYNAMIC_NO_PIC = NO;
				GCC_OPTIMIZATION_LEVEL = 0;
				GCC_PREPROCESSOR_DEFINITIONS = (
					"DEBUG=1",
					"$(inherited)",
				);
				GCC_SYMBOLS_PRIVATE_EXTERN = NO;
				GCC_WARN_ABOUT_RETURN_TYPE = YES;
				GCC_WARN_UNINITIALIZED_AUTOS = YES;
				GCC_WARN_UNUSED_VARIABLE = YES;
				IPHONEOS_DEPLOYMENT_TARGET = 4.3;
				SDKROOT = iphoneos;
			};
			name = Debug;
		};
		C02CEC66160DC870000AA0D2 /* Release */ = {
			isa = XCBuildConfiguration;
			buildSettings = {
				ALWAYS_SEARCH_USER_PATHS = NO;
				CLANG_CXX_LANGUAGE_STANDARD = "gnu++0x";
				CLANG_CXX_LIBRARY = "libc++";
				CLANG_ENABLE_OBJC_ARC = YES;
				CLANG_WARN_EMPTY_BODY = YES;
				CLANG_WARN__DUPLICATE_METHOD_MATCH = YES;
				COPY_PHASE_STRIP = YES;
				GCC_C_LANGUAGE_STANDARD = gnu99;
				GCC_WARN_ABOUT_RETURN_TYPE = YES;
				GCC_WARN_UNINITIALIZED_AUTOS = YES;
				GCC_WARN_UNUSED_VARIABLE = YES;
				IPHONEOS_DEPLOYMENT_TARGET = 4.3;
				SDKROOT = iphoneos;
				VALIDATE_PRODUCT = YES;
			};
			name = Release;
		};
		C02CEC68160DC870000AA0D2 /* Debug */ = {
			isa = XCBuildConfiguration;
			buildSettings = {
				CLANG_ENABLE_OBJC_ARC = YES;
				DEAD_CODE_STRIPPING = NO;
				DSTROOT = /tmp/SoomlaiOSStore.dst;
				GCC_PRECOMPILE_PREFIX_HEADER = YES;
				GCC_PREFIX_HEADER = "SoomlaiOSStore/SoomlaiOSStore-Prefix.pch";
				LINK_WITH_STANDARD_LIBRARIES = NO;
				MACH_O_TYPE = staticlib;
				OTHER_LDFLAGS = "";
				PRIVATE_HEADERS_FOLDER_PATH = /headers/private;
				PRODUCT_NAME = "$(TARGET_NAME)";
				PUBLIC_HEADERS_FOLDER_PATH = /headers/public;
				SKIP_INSTALL = YES;
				WRAPPER_EXTENSION = framework;
			};
			name = Debug;
		};
		C02CEC69160DC870000AA0D2 /* Release */ = {
			isa = XCBuildConfiguration;
			buildSettings = {
				CLANG_ENABLE_OBJC_ARC = YES;
				DEAD_CODE_STRIPPING = NO;
				DSTROOT = /tmp/SoomlaiOSStore.dst;
				GCC_PRECOMPILE_PREFIX_HEADER = YES;
				GCC_PREFIX_HEADER = "SoomlaiOSStore/SoomlaiOSStore-Prefix.pch";
				LINK_WITH_STANDARD_LIBRARIES = NO;
				MACH_O_TYPE = staticlib;
				OTHER_LDFLAGS = "";
				PRIVATE_HEADERS_FOLDER_PATH = /headers/private;
				PRODUCT_NAME = "$(TARGET_NAME)";
				PUBLIC_HEADERS_FOLDER_PATH = /headers/public;
				SKIP_INSTALL = YES;
				WRAPPER_EXTENSION = framework;
			};
			name = Release;
		};
		C02CEC6B160DC870000AA0D2 /* Debug */ = {
			isa = XCBuildConfiguration;
			buildSettings = {
				FRAMEWORK_SEARCH_PATHS = (
					"\"$(SDKROOT)/Developer/Library/Frameworks\"",
					"\"$(DEVELOPER_LIBRARY_DIR)/Frameworks\"",
				);
				GCC_PRECOMPILE_PREFIX_HEADER = YES;
				GCC_PREFIX_HEADER = "SoomlaiOSStore/SoomlaiOSStore-Prefix.pch";
				INFOPLIST_FILE = "SoomlaiOSStoreTests/SoomlaiOSStoreTests-Info.plist";
				PRODUCT_NAME = "$(TARGET_NAME)";
				WRAPPER_EXTENSION = octest;
			};
			name = Debug;
		};
		C02CEC6C160DC870000AA0D2 /* Release */ = {
			isa = XCBuildConfiguration;
			buildSettings = {
				FRAMEWORK_SEARCH_PATHS = (
					"\"$(SDKROOT)/Developer/Library/Frameworks\"",
					"\"$(DEVELOPER_LIBRARY_DIR)/Frameworks\"",
				);
				GCC_PRECOMPILE_PREFIX_HEADER = YES;
				GCC_PREFIX_HEADER = "SoomlaiOSStore/SoomlaiOSStore-Prefix.pch";
				INFOPLIST_FILE = "SoomlaiOSStoreTests/SoomlaiOSStoreTests-Info.plist";
				PRODUCT_NAME = "$(TARGET_NAME)";
				WRAPPER_EXTENSION = octest;
			};
			name = Release;
		};
/* End XCBuildConfiguration section */

/* Begin XCConfigurationList section */
		C02CEC3C160DC870000AA0D2 /* Build configuration list for PBXProject "SoomlaiOSStore" */ = {
			isa = XCConfigurationList;
			buildConfigurations = (
				C02CEC65160DC870000AA0D2 /* Debug */,
				C02CEC66160DC870000AA0D2 /* Release */,
			);
			defaultConfigurationIsVisible = 0;
			defaultConfigurationName = Release;
		};
		C02CEC67160DC870000AA0D2 /* Build configuration list for PBXNativeTarget "SoomlaiOSStore" */ = {
			isa = XCConfigurationList;
			buildConfigurations = (
				C02CEC68160DC870000AA0D2 /* Debug */,
				C02CEC69160DC870000AA0D2 /* Release */,
			);
			defaultConfigurationIsVisible = 0;
			defaultConfigurationName = Release;
		};
		C02CEC6A160DC870000AA0D2 /* Build configuration list for PBXNativeTarget "SoomlaiOSStoreTests" */ = {
			isa = XCConfigurationList;
			buildConfigurations = (
				C02CEC6B160DC870000AA0D2 /* Debug */,
				C02CEC6C160DC870000AA0D2 /* Release */,
			);
			defaultConfigurationIsVisible = 0;
			defaultConfigurationName = Release;
		};
/* End XCConfigurationList section */
	};
	rootObject = C02CEC39160DC870000AA0D2 /* Project object */;
}
